
Microsoft Visual Studio Solution File, Format Version 11.00
# Visual Studio 2010
Project("{FAE04EC0-301F-11D3-BF4B-00C04F79EFBC}") = "MindCar2.0_Connected", "Assembly-CSharp.csproj", "{234F5183-A816-EA44-2828-F42438E6A52B}"
EndProject
Global
	GlobalSection(SolutionConfigurationPlatforms) = preSolution
		Debug|Any CPU = Debug|Any CPU
		Release|Any CPU = Release|Any CPU
	EndGlobalSection
	GlobalSection(ProjectConfigurationPlatforms) = postSolution
		{234F5183-A816-EA44-2828-F42438E6A52B}.Debug|Any CPU.ActiveCfg = Debug|Any CPU
		{234F5183-A816-EA44-2828-F42438E6A52B}.Debug|Any CPU.Build.0 = Debug|Any CPU
		{234F5183-A816-EA44-2828-F42438E6A52B}.Release|Any CPU.ActiveCfg = Release|Any CPU
		{234F5183-A816-EA44-2828-F42438E6A52B}.Release|Any CPU.Build.0 = Release|Any CPU
	EndGlobalSection
	GlobalSection(SolutionProperties) = preSolution
		HideSolutionNode = FALSE
	EndGlobalSection
	GlobalSection(MonoDevelopProperties) = preSolution
		StartupItem = Assembly-CSharp.csproj
	EndGlobalSection
EndGlobal
